
Microsoft Visual Studio Solution File, Format Version 12.00
# Visual Studio Version 16
VisualStudioVersion = 16.0.29728.190
MinimumVisualStudioVersion = 10.0.40219.1
Project("{FAE04EC0-301F-11D3-BF4B-00C04F79EFBC}") = "Convolution", "Convolution\Convolution.csproj", "{84145D97-058E-4DDC-89B0-9AF53D805FC8}"
EndProject
Global
	GlobalSection(SolutionConfigurationPlatforms) = preSolution
		Debug|Any CPU = Debug|Any CPU
		Release|Any CPU = Release|Any CPU
	EndGlobalSection
	GlobalSection(ProjectConfigurationPlatforms) = postSolution
		{84145D97-058E-4DDC-89B0-9AF53D805FC8}.Debug|Any CPU.ActiveCfg = Debug|Any CPU
		{84145D97-058E-4DDC-89B0-9AF53D805FC8}.Debug|Any CPU.Build.0 = Debug|Any CPU
		{84145D97-058E-4DDC-89B0-9AF53D805FC8}.Release|Any CPU.ActiveCfg = Release|Any CPU
		{84145D97-058E-4DDC-89B0-9AF53D805FC8}.Release|Any CPU.Build.0 = Release|Any CPU
	EndGlobalSection
	GlobalSection(SolutionProperties) = preSolution
		HideSolutionNode = FALSE
	EndGlobalSection
	GlobalSection(ExtensibilityGlobals) = postSolution
		SolutionGuid = {F9D7E31B-7FCE-4B24-A76E-C11205B9A522}
	EndGlobalSection
EndGlobal
